// !$*UTF8*$!
{
	archiveVersion = 1;
	classes = {
	};
	objectVersion = 50;
	objects = {

/* Begin PBXBuildFile section */
		1175A180FA7138ADD0ECD738 /* libPods-PickFoodDelivery.a in Frameworks */ = {isa = PBXBuildFile; fileRef = C5C4FCC4ED577E20C98333CC /* libPods-PickFoodDelivery.a */; };
		2F6E801125864CEB00942273 /* AppDelegate.swift in Sources */ = {isa = PBXBuildFile; fileRef = 2F6E801025864CEB00942273 /* AppDelegate.swift */; };
		2F6E801525864CEB00942273 /* ViewController.swift in Sources */ = {isa = PBXBuildFile; fileRef = 2F6E801425864CEB00942273 /* ViewController.swift */; };
		2F6E801825864CEB00942273 /* Main.storyboard in Resources */ = {isa = PBXBuildFile; fileRef = 2F6E801625864CEB00942273 /* Main.storyboard */; };
		2F6E801A25864CEF00942273 /* Assets.xcassets in Resources */ = {isa = PBXBuildFile; fileRef = 2F6E801925864CEF00942273 /* Assets.xcassets */; };
		2F6E801D25864CEF00942273 /* LaunchScreen.storyboard in Resources */ = {isa = PBXBuildFile; fileRef = 2F6E801B25864CEF00942273 /* LaunchScreen.storyboard */; };
		2F6E802825864CEF00942273 /* PickFoodDeliveryTests.swift in Sources */ = {isa = PBXBuildFile; fileRef = 2F6E802725864CEF00942273 /* PickFoodDeliveryTests.swift */; };
		2F6E803325864CEF00942273 /* PickFoodDeliveryUITests.swift in Sources */ = {isa = PBXBuildFile; fileRef = 2F6E803225864CEF00942273 /* PickFoodDeliveryUITests.swift */; };
		2F6E80B1258671FF00942273 /* GoogleService-Info-5.plist in Resources */ = {isa = PBXBuildFile; fileRef = 2F6E80B0258671FF00942273 /* GoogleService-Info-5.plist */; };
/* End PBXBuildFile section */

/* Begin PBXContainerItemProxy section */
		2F6E802425864CEF00942273 /* PBXContainerItemProxy */ = {
			isa = PBXContainerItemProxy;
			containerPortal = 2F6E800525864CEB00942273 /* Project object */;
			proxyType = 1;
			remoteGlobalIDString = 2F6E800C25864CEB00942273;
			remoteInfo = PickFoodDelivery;
		};
		2F6E802F25864CEF00942273 /* PBXContainerItemProxy */ = {
			isa = PBXContainerItemProxy;
			containerPortal = 2F6E800525864CEB00942273 /* Project object */;
			proxyType = 1;
			remoteGlobalIDString = 2F6E800C25864CEB00942273;
			remoteInfo = PickFoodDelivery;
		};
/* End PBXContainerItemProxy section */

/* Begin PBXFileReference section */
		2F6E800D25864CEB00942273 /* PickFoodDelivery.app */ = {isa = PBXFileReference; explicitFileType = wrapper.application; includeInIndex = 0; path = PickFoodDelivery.app; sourceTree = BUILT_PRODUCTS_DIR; };
		2F6E801025864CEB00942273 /* AppDelegate.swift */ = {isa = PBXFileReference; lastKnownFileType = sourcecode.swift; path = AppDelegate.swift; sourceTree = "<group>"; };
		2F6E801425864CEB00942273 /* ViewController.swift */ = {isa = PBXFileReference; lastKnownFileType = sourcecode.swift; path = ViewController.swift; sourceTree = "<group>"; };
		2F6E801725864CEB00942273 /* Base */ = {isa = PBXFileReference; lastKnownFileType = file.storyboard; name = Base; path = Base.lproj/Main.storyboard; sourceTree = "<group>"; };
		2F6E801925864CEF00942273 /* Assets.xcassets */ = {isa = PBXFileReference; lastKnownFileType = folder.assetcatalog; path = Assets.xcassets; sourceTree = "<group>"; };
		2F6E801C25864CEF00942273 /* Base */ = {isa = PBXFileReference; lastKnownFileType = file.storyboard; name = Base; path = Base.lproj/LaunchScreen.storyboard; sourceTree = "<group>"; };
		2F6E801E25864CEF00942273 /* Info.plist */ = {isa = PBXFileReference; lastKnownFileType = text.plist.xml; path = Info.plist; sourceTree = "<group>"; };
		2F6E802325864CEF00942273 /* PickFoodDeliveryTests.xctest */ = {isa = PBXFileReference; explicitFileType = wrapper.cfbundle; includeInIndex = 0; path = PickFoodDeliveryTests.xctest; sourceTree = BUILT_PRODUCTS_DIR; };
		2F6E802725864CEF00942273 /* PickFoodDeliveryTests.swift */ = {isa = PBXFileReference; lastKnownFileType = sourcecode.swift; path = PickFoodDeliveryTests.swift; sourceTree = "<group>"; };
		2F6E802925864CEF00942273 /* Info.plist */ = {isa = PBXFileReference; lastKnownFileType = text.plist.xml; path = Info.plist; sourceTree = "<group>"; };
		2F6E802E25864CEF00942273 /* PickFoodDeliveryUITests.xctest */ = {isa = PBXFileReference; explicitFileType = wrapper.cfbundle; includeInIndex = 0; path = PickFoodDeliveryUITests.xctest; sourceTree = BUILT_PRODUCTS_DIR; };
		2F6E803225864CEF00942273 /* PickFoodDeliveryUITests.swift */ = {isa = PBXFileReference; lastKnownFileType = sourcecode.swift; path = PickFoodDeliveryUITests.swift; sourceTree = "<group>"; };
		2F6E803425864CEF00942273 /* Info.plist */ = {isa = PBXFileReference; lastKnownFileType = text.plist.xml; path = Info.plist; sourceTree = "<group>"; };
		2F6E80B0258671FF00942273 /* GoogleService-Info-5.plist */ = {isa = PBXFileReference; fileEncoding = 4; lastKnownFileType = text.plist.xml; path = "GoogleService-Info-5.plist"; sourceTree = "<group>"; };
		376AF835E8DCA9C8C966B97B /* Pods-PickFoodDelivery.release.xcconfig */ = {isa = PBXFileReference; includeInIndex = 1; lastKnownFileType = text.xcconfig; name = "Pods-PickFoodDelivery.release.xcconfig"; path = "Target Support Files/Pods-PickFoodDelivery/Pods-PickFoodDelivery.release.xcconfig"; sourceTree = "<group>"; };
		C54850C9E82D1B26AD7F721A /* Pods-PickFoodDelivery.debug.xcconfig */ = {isa = PBXFileReference; includeInIndex = 1; lastKnownFileType = text.xcconfig; name = "Pods-PickFoodDelivery.debug.xcconfig"; path = "Target Support Files/Pods-PickFoodDelivery/Pods-PickFoodDelivery.debug.xcconfig"; sourceTree = "<group>"; };
		C5C4FCC4ED577E20C98333CC /* libPods-PickFoodDelivery.a */ = {isa = PBXFileReference; explicitFileType = archive.ar; includeInIndex = 0; path = "libPods-PickFoodDelivery.a"; sourceTree = BUILT_PRODUCTS_DIR; };
/* End PBXFileReference section */

/* Begin PBXFrameworksBuildPhase section */
		2F6E800A25864CEB00942273 /* Frameworks */ = {
			isa = PBXFrameworksBuildPhase;
			buildActionMask = 2147483647;
			files = (
				1175A180FA7138ADD0ECD738 /* libPods-PickFoodDelivery.a in Frameworks */,
			);
			runOnlyForDeploymentPostprocessing = 0;
		};
		2F6E802025864CEF00942273 /* Frameworks */ = {
			isa = PBXFrameworksBuildPhase;
			buildActionMask = 2147483647;
			files = (
			);
			runOnlyForDeploymentPostprocessing = 0;
		};
		2F6E802B25864CEF00942273 /* Frameworks */ = {
			isa = PBXFrameworksBuildPhase;
			buildActionMask = 2147483647;
			files = (
			);
			runOnlyForDeploymentPostprocessing = 0;
		};
/* End PBXFrameworksBuildPhase section */

/* Begin PBXGroup section */
		2F6E800425864CEB00942273 = {
			isa = PBXGroup;
			children = (
				2F6E800F25864CEB00942273 /* PickFoodDelivery */,
				2F6E802625864CEF00942273 /* PickFoodDeliveryTests */,
				2F6E803125864CEF00942273 /* PickFoodDeliveryUITests */,
				2F6E800E25864CEB00942273 /* Products */,
				FE6082D61F84259A70474CFD /* Pods */,
				79C5D348A3DA694E90D6C262 /* Frameworks */,
			);
			sourceTree = "<group>";
		};
		2F6E800E25864CEB00942273 /* Products */ = {
			isa = PBXGroup;
			children = (
				2F6E800D25864CEB00942273 /* PickFoodDelivery.app */,
				2F6E802325864CEF00942273 /* PickFoodDeliveryTests.xctest */,
				2F6E802E25864CEF00942273 /* PickFoodDeliveryUITests.xctest */,
			);
			name = Products;
			sourceTree = "<group>";
		};
		2F6E800F25864CEB00942273 /* PickFoodDelivery */ = {
			isa = PBXGroup;
			children = (
				2F6E801025864CEB00942273 /* AppDelegate.swift */,
				2F6E801425864CEB00942273 /* ViewController.swift */,
				2F6E801625864CEB00942273 /* Main.storyboard */,
				2F6E801925864CEF00942273 /* Assets.xcassets */,
				2F6E801B25864CEF00942273 /* LaunchScreen.storyboard */,
				2F6E801E25864CEF00942273 /* Info.plist */,
				2F6E80B0258671FF00942273 /* GoogleService-Info-5.plist */,
			);
			path = PickFoodDelivery;
			sourceTree = "<group>";
		};
		2F6E802625864CEF00942273 /* PickFoodDeliveryTests */ = {
			isa = PBXGroup;
			children = (
				2F6E802725864CEF00942273 /* PickFoodDeliveryTests.swift */,
				2F6E802925864CEF00942273 /* Info.plist */,
			);
			path = PickFoodDeliveryTests;
			sourceTree = "<group>";
		};
		2F6E803125864CEF00942273 /* PickFoodDeliveryUITests */ = {
			isa = PBXGroup;
			children = (
				2F6E803225864CEF00942273 /* PickFoodDeliveryUITests.swift */,
				2F6E803425864CEF00942273 /* Info.plist */,
			);
			path = PickFoodDeliveryUITests;
			sourceTree = "<group>";
		};
		79C5D348A3DA694E90D6C262 /* Frameworks */ = {
			isa = PBXGroup;
			children = (
				C5C4FCC4ED577E20C98333CC /* libPods-PickFoodDelivery.a */,
			);
			name = Frameworks;
			sourceTree = "<group>";
		};
		FE6082D61F84259A70474CFD /* Pods */ = {
			isa = PBXGroup;
			children = (
				C54850C9E82D1B26AD7F721A /* Pods-PickFoodDelivery.debug.xcconfig */,
				376AF835E8DCA9C8C966B97B /* Pods-PickFoodDelivery.release.xcconfig */,
			);
			path = Pods;
			sourceTree = "<group>";
		};
/* End PBXGroup section */

/* Begin PBXNativeTarget section */
		2F6E800C25864CEB00942273 /* PickFoodDelivery */ = {
			isa = PBXNativeTarget;
			buildConfigurationList = 2F6E803725864CEF00942273 /* Build configuration list for PBXNativeTarget "PickFoodDelivery" */;
			buildPhases = (
				8C400DDEB9F9BE9254CB703C /* [CP] Check Pods Manifest.lock */,
				2F6E800925864CEB00942273 /* Sources */,
				2F6E800A25864CEB00942273 /* Frameworks */,
				2F6E800B25864CEB00942273 /* Resources */,
			);
			buildRules = (
			);
			dependencies = (
			);
			name = PickFoodDelivery;
			productName = PickFoodDelivery;
			productReference = 2F6E800D25864CEB00942273 /* PickFoodDelivery.app */;
			productType = "com.apple.product-type.application";
		};
		2F6E802225864CEF00942273 /* PickFoodDeliveryTests */ = {
			isa = PBXNativeTarget;
			buildConfigurationList = 2F6E803A25864CEF00942273 /* Build configuration list for PBXNativeTarget "PickFoodDeliveryTests" */;
			buildPhases = (
				2F6E801F25864CEF00942273 /* Sources */,
				2F6E802025864CEF00942273 /* Frameworks */,
				2F6E802125864CEF00942273 /* Resources */,
			);
			buildRules = (
			);
			dependencies = (
				2F6E802525864CEF00942273 /* PBXTargetDependency */,
			);
			name = PickFoodDeliveryTests;
			productName = PickFoodDeliveryTests;
			productReference = 2F6E802325864CEF00942273 /* PickFoodDeliveryTests.xctest */;
			productType = "com.apple.product-type.bundle.unit-test";
		};
		2F6E802D25864CEF00942273 /* PickFoodDeliveryUITests */ = {
			isa = PBXNativeTarget;
			buildConfigurationList = 2F6E803D25864CEF00942273 /* Build configuration list for PBXNativeTarget "PickFoodDeliveryUITests" */;
			buildPhases = (
				2F6E802A25864CEF00942273 /* Sources */,
				2F6E802B25864CEF00942273 /* Frameworks */,
				2F6E802C25864CEF00942273 /* Resources */,
			);
			buildRules = (
			);
			dependencies = (
				2F6E803025864CEF00942273 /* PBXTargetDependency */,
			);
			name = PickFoodDeliveryUITests;
			productName = PickFoodDeliveryUITests;
			productReference = 2F6E802E25864CEF00942273 /* PickFoodDeliveryUITests.xctest */;
			productType = "com.apple.product-type.bundle.ui-testing";
		};
/* End PBXNativeTarget section */

/* Begin PBXProject section */
		2F6E800525864CEB00942273 /* Project object */ = {
			isa = PBXProject;
			attributes = {
				LastSwiftUpdateCheck = 1220;
				LastUpgradeCheck = 1220;
				TargetAttributes = {
					2F6E800C25864CEB00942273 = {
						CreatedOnToolsVersion = 12.2;
					};
					2F6E802225864CEF00942273 = {
						CreatedOnToolsVersion = 12.2;
						TestTargetID = 2F6E800C25864CEB00942273;
					};
					2F6E802D25864CEF00942273 = {
						CreatedOnToolsVersion = 12.2;
						TestTargetID = 2F6E800C25864CEB00942273;
					};
				};
			};
			buildConfigurationList = 2F6E800825864CEB00942273 /* Build configuration list for PBXProject "PickFoodDelivery" */;
			compatibilityVersion = "Xcode 9.3";
			developmentRegion = en;
			hasScannedForEncodings = 0;
			knownRegions = (
				en,
				Base,
			);
			mainGroup = 2F6E800425864CEB00942273;
			productRefGroup = 2F6E800E25864CEB00942273 /* Products */;
			projectDirPath = "";
			projectRoot = "";
			targets = (
				2F6E800C25864CEB00942273 /* PickFoodDelivery */,
				2F6E802225864CEF00942273 /* PickFoodDeliveryTests */,
				2F6E802D25864CEF00942273 /* PickFoodDeliveryUITests */,
			);
		};
/* End PBXProject section */

/* Begin PBXResourcesBuildPhase section */
		2F6E800B25864CEB00942273 /* Resources */ = {
			isa = PBXResourcesBuildPhase;
			buildActionMask = 2147483647;
			files = (
				2F6E801D25864CEF00942273 /* LaunchScreen.storyboard in Resources */,
				2F6E80B1258671FF00942273 /* GoogleService-Info-5.plist in Resources */,
				2F6E801A25864CEF00942273 /* Assets.xcassets in Resources */,
				2F6E801825864CEB00942273 /* Main.storyboard in Resources */,
			);
			runOnlyForDeploymentPostprocessing = 0;
		};
		2F6E802125864CEF00942273 /* Resources */ = {
			isa = PBXResourcesBuildPhase;
			buildActionMask = 2147483647;
			files = (
			);
			runOnlyForDeploymentPostprocessing = 0;
		};
		2F6E802C25864CEF00942273 /* Resources */ = {
			isa = PBXResourcesBuildPhase;
			buildActionMask = 2147483647;
			files = (
			);
			runOnlyForDeploymentPostprocessing = 0;
		};
/* End PBXResourcesBuildPhase section */

/* Begin PBXShellScriptBuildPhase section */
		8C400DDEB9F9BE9254CB703C /* [CP] Check Pods Manifest.lock */ = {
			isa = PBXShellScriptBuildPhase;
			buildActionMask = 2147483647;
			files = (
			);
			inputFileListPaths = (
			);
			inputPaths = (
				"${PODS_PODFILE_DIR_PATH}/Podfile.lock",
				"${PODS_ROOT}/Manifest.lock",
			);
			name = "[CP] Check Pods Manifest.lock";
			outputFileListPaths = (
			);
			outputPaths = (
				"$(DERIVED_FILE_DIR)/Pods-PickFoodDelivery-checkManifestLockResult.txt",
			);
			runOnlyForDeploymentPostprocessing = 0;
			shellPath = /bin/sh;
			shellScript = "diff \"${PODS_PODFILE_DIR_PATH}/Podfile.lock\" \"${PODS_ROOT}/Manifest.lock\" > /dev/null\nif [ $? != 0 ] ; then\n    # print error to STDERR\n    echo \"error: The sandbox is not in sync with the Podfile.lock. Run 'pod install' or update your CocoaPods installation.\" >&2\n    exit 1\nfi\n# This output is used by Xcode 'outputs' to avoid re-running this script phase.\necho \"SUCCESS\" > \"${SCRIPT_OUTPUT_FILE_0}\"\n";
			showEnvVarsInLog = 0;
		};
/* End PBXShellScriptBuildPhase section */

/* Begin PBXSourcesBuildPhase section */
		2F6E800925864CEB00942273 /* Sources */ = {
			isa = PBXSourcesBuildPhase;
			buildActionMask = 2147483647;
			files = (
				2F6E801525864CEB00942273 /* ViewController.swift in Sources */,
				2F6E801125864CEB00942273 /* AppDelegate.swift in Sources */,
			);
			runOnlyForDeploymentPostprocessing = 0;
		};
		2F6E801F25864CEF00942273 /* Sources */ = {
			isa = PBXSourcesBuildPhase;
			buildActionMask = 2147483647;
			files = (
				2F6E802825864CEF00942273 /* PickFoodDeliveryTests.swift in Sources */,
			);
			runOnlyForDeploymentPostprocessing = 0;
		};
		2F6E802A25864CEF00942273 /* Sources */ = {
			isa = PBXSourcesBuildPhase;
			buildActionMask = 2147483647;
			files = (
				2F6E803325864CEF00942273 /* PickFoodDeliveryUITests.swift in Sources */,
			);
			runOnlyForDeploymentPostprocessing = 0;
		};
/* End PBXSourcesBuildPhase section */

/* Begin PBXTargetDependency section */
		2F6E802525864CEF00942273 /* PBXTargetDependency */ = {
			isa = PBXTargetDependency;
			target = 2F6E800C25864CEB00942273 /* PickFoodDelivery */;
			targetProxy = 2F6E802425864CEF00942273 /* PBXContainerItemProxy */;
		};
		2F6E803025864CEF00942273 /* PBXTargetDependency */ = {
			isa = PBXTargetDependency;
			target = 2F6E800C25864CEB00942273 /* PickFoodDelivery */;
			targetProxy = 2F6E802F25864CEF00942273 /* PBXContainerItemProxy */;
		};
/* End PBXTargetDependency section */

/* Begin PBXVariantGroup section */
		2F6E801625864CEB00942273 /* Main.storyboard */ = {
			isa = PBXVariantGroup;
			children = (
				2F6E801725864CEB00942273 /* Base */,
			);
			name = Main.storyboard;
			sourceTree = "<group>";
		};
		2F6E801B25864CEF00942273 /* LaunchScreen.storyboard */ = {
			isa = PBXVariantGroup;
			children = (
				2F6E801C25864CEF00942273 /* Base */,
			);
			name = LaunchScreen.storyboard;
			sourceTree = "<group>";
		};
/* End PBXVariantGroup section */

/* Begin XCBuildConfiguration section */
		2F6E803525864CEF00942273 /* Debug */ = {
			isa = XCBuildConfiguration;
			buildSettings = {
				ALWAYS_SEARCH_USER_PATHS = NO;
				CLANG_ANALYZER_NONNULL = YES;
				CLANG_ANALYZER_NUMBER_OBJECT_CONVERSION = YES_AGGRESSIVE;
				CLANG_CXX_LANGUAGE_STANDARD = "gnu++14";
				CLANG_CXX_LIBRARY = "libc++";
				CLANG_ENABLE_MODULES = YES;
				CLANG_ENABLE_OBJC_ARC = YES;
				CLANG_ENABLE_OBJC_WEAK = YES;
				CLANG_WARN_BLOCK_CAPTURE_AUTORELEASING = YES;
				CLANG_WARN_BOOL_CONVERSION = YES;
				CLANG_WARN_COMMA = YES;
				CLANG_WARN_CONSTANT_CONVERSION = YES;
				CLANG_WARN_DEPRECATED_OBJC_IMPLEMENTATIONS = YES;
				CLANG_WARN_DIRECT_OBJC_ISA_USAGE = YES_ERROR;
				CLANG_WARN_DOCUMENTATION_COMMENTS = YES;
				CLANG_WARN_EMPTY_BODY = YES;
				CLANG_WARN_ENUM_CONVERSION = YES;
				CLANG_WARN_INFINITE_RECURSION = YES;
				CLANG_WARN_INT_CONVERSION = YES;
				CLANG_WARN_NON_LITERAL_NULL_CONVERSION = YES;
				CLANG_WARN_OBJC_IMPLICIT_RETAIN_SELF = YES;
				CLANG_WARN_OBJC_LITERAL_CONVERSION = YES;
				CLANG_WARN_OBJC_ROOT_CLASS = YES_ERROR;
				CLANG_WARN_QUOTED_INCLUDE_IN_FRAMEWORK_HEADER = YES;
				CLANG_WARN_RANGE_LOOP_ANALYSIS = YES;
				CLANG_WARN_STRICT_PROTOTYPES = YES;
				CLANG_WARN_SUSPICIOUS_MOVE = YES;
				CLANG_WARN_UNGUARDED_AVAILABILITY = YES_AGGRESSIVE;
				CLANG_WARN_UNREACHABLE_CODE = YES;
				CLANG_WARN__DUPLICATE_METHOD_MATCH = YES;
				COPY_PHASE_STRIP = NO;
				DEBUG_INFORMATION_FORMAT = dwarf;
				ENABLE_STRICT_OBJC_MSGSEND = YES;
				ENABLE_TESTABILITY = YES;
				GCC_C_LANGUAGE_STANDARD = gnu11;
				GCC_DYNAMIC_NO_PIC = NO;
				GCC_NO_COMMON_BLOCKS = YES;
				GCC_OPTIMIZATION_LEVEL = 0;
				GCC_PREPROCESSOR_DEFINITIONS = (
					"DEBUG=1",
					"$(inherited)",
				);
				GCC_WARN_64_TO_32_BIT_CONVERSION = YES;
				GCC_WARN_ABOUT_RETURN_TYPE = YES_ERROR;
				GCC_WARN_UNDECLARED_SELECTOR = YES;
				GCC_WARN_UNINITIALIZED_AUTOS = YES_AGGRESSIVE;
				GCC_WARN_UNUSED_FUNCTION = YES;
				GCC_WARN_UNUSED_VARIABLE = YES;
				IPHONEOS_DEPLOYMENT_TARGET = 14.2;
				MTL_ENABLE_DEBUG_INFO = INCLUDE_SOURCE;
				MTL_FAST_MATH = YES;
				ONLY_ACTIVE_ARCH = YES;
				SDKROOT = iphoneos;
				SWIFT_ACTIVE_COMPILATION_CONDITIONS = DEBUG;
				SWIFT_OPTIMIZATION_LEVEL = "-Onone";
			};
			name = Debug;
		};
		2F6E803625864CEF00942273 /* Release */ = {
			isa = XCBuildConfiguration;
			buildSettings = {
				ALWAYS_SEARCH_USER_PATHS = NO;
				CLANG_ANALYZER_NONNULL = YES;
				CLANG_ANALYZER_NUMBER_OBJECT_CONVERSION = YES_AGGRESSIVE;
				CLANG_CXX_LANGUAGE_STANDARD = "gnu++14";
				CLANG_CXX_LIBRARY = "libc++";
				CLANG_ENABLE_MODULES = YES;
				CLANG_ENABLE_OBJC_ARC = YES;
				CLANG_ENABLE_OBJC_WEAK = YES;
				CLANG_WARN_BLOCK_CAPTURE_AUTORELEASING = YES;
				CLANG_WARN_BOOL_CONVERSION = YES;
				CLANG_WARN_COMMA = YES;
				CLANG_WARN_CONSTANT_CONVERSION = YES;
				CLANG_WARN_DEPRECATED_OBJC_IMPLEMENTATIONS = YES;
				CLANG_WARN_DIRECT_OBJC_ISA_USAGE = YES_ERROR;
				CLANG_WARN_DOCUMENTATION_COMMENTS = YES;
				CLANG_WARN_EMPTY_BODY = YES;
				CLANG_WARN_ENUM_CONVERSION = YES;
				CLANG_WARN_INFINITE_RECURSION = YES;
				CLANG_WARN_INT_CONVERSION = YES;
				CLANG_WARN_NON_LITERAL_NULL_CONVERSION = YES;
				CLANG_WARN_OBJC_IMPLICIT_RETAIN_SELF = YES;
				CLANG_WARN_OBJC_LITERAL_CONVERSION = YES;
				CLANG_WARN_OBJC_ROOT_CLASS = YES_ERROR;
				CLANG_WARN_QUOTED_INCLUDE_IN_FRAMEWORK_HEADER = YES;
				CLANG_WARN_RANGE_LOOP_ANALYSIS = YES;
				CLANG_WARN_STRICT_PROTOTYPES = YES;
				CLANG_WARN_SUSPICIOUS_MOVE = YES;
				CLANG_WARN_UNGUARDED_AVAILABILITY = YES_AGGRESSIVE;
				CLANG_WARN_UNREACHABLE_CODE = YES;
				CLANG_WARN__DUPLICATE_METHOD_MATCH = YES;
				COPY_PHASE_STRIP = NO;
				DEBUG_INFORMATION_FORMAT = "dwarf-with-dsym";
				ENABLE_NS_ASSERTIONS = NO;
				ENABLE_STRICT_OBJC_MSGSEND = YES;
				GCC_C_LANGUAGE_STANDARD = gnu11;
				GCC_NO_COMMON_BLOCKS = YES;
				GCC_WARN_64_TO_32_BIT_CONVERSION = YES;
				GCC_WARN_ABOUT_RETURN_TYPE = YES_ERROR;
				GCC_WARN_UNDECLARED_SELECTOR = YES;
				GCC_WARN_UNINITIALIZED_AUTOS = YES_AGGRESSIVE;
				GCC_WARN_UNUSED_FUNCTION = YES;
				GCC_WARN_UNUSED_VARIABLE = YES;
				IPHONEOS_DEPLOYMENT_TARGET = 14.2;
				MTL_ENABLE_DEBUG_INFO = NO;
				MTL_FAST_MATH = YES;
				SDKROOT = iphoneos;
				SWIFT_COMPILATION_MODE = wholemodule;
				SWIFT_OPTIMIZATION_LEVEL = "-O";
				VALIDATE_PRODUCT = YES;
			};
			name = Release;
		};
		2F6E803825864CEF00942273 /* Debug */ = {
			isa = XCBuildConfiguration;
			baseConfigurationReference = C54850C9E82D1B26AD7F721A /* Pods-PickFoodDelivery.debug.xcconfig */;
			buildSettings = {
				ASSETCATALOG_COMPILER_APPICON_NAME = AppIcon;
				ASSETCATALOG_COMPILER_GLOBAL_ACCENT_COLOR_NAME = AccentColor;
				CODE_SIGN_STYLE = Automatic;
				DEVELOPMENT_TEAM = 73YYV5Y2WD;
				INFOPLIST_FILE = PickFoodDelivery/Info.plist;
				LD_RUNPATH_SEARCH_PATHS = (
					"$(inherited)",
					"@executable_path/Frameworks",
				);
				PRODUCT_BUNDLE_IDENTIFIER = AnhDucCo.op.PickFoodDelivery;
				PRODUCT_NAME = "$(TARGET_NAME)";
				SWIFT_VERSION = 5.0;
				TARGETED_DEVICE_FAMILY = "1,2";
			};
			name = Debug;
		};
		2F6E803925864CEF00942273 /* Release */ = {
			isa = XCBuildConfiguration;
			baseConfigurationReference = 376AF835E8DCA9C8C966B97B /* Pods-PickFoodDelivery.release.xcconfig */;
			buildSettings = {
				ASSETCATALOG_COMPILER_APPICON_NAME = AppIcon;
				ASSETCATALOG_COMPILER_GLOBAL_ACCENT_COLOR_NAME = AccentColor;
				CODE_SIGN_STYLE = Automatic;
				DEVELOPMENT_TEAM = 73YYV5Y2WD;
				INFOPLIST_FILE = PickFoodDelivery/Info.plist;
				LD_RUNPATH_SEARCH_PATHS = (
					"$(inherited)",
					"@executable_path/Frameworks",
				);
				PRODUCT_BUNDLE_IDENTIFIER = AnhDucCo.op.PickFoodDelivery;
				PRODUCT_NAME = "$(TARGET_NAME)";
				SWIFT_VERSION = 5.0;
				TARGETED_DEVICE_FAMILY = "1,2";
			};
			name = Release;
		};
		2F6E803B25864CEF00942273 /* Debug */ = {
			isa = XCBuildConfiguration;
			buildSettings = {
				ALWAYS_EMBED_SWIFT_STANDARD_LIBRARIES = YES;
				BUNDLE_LOADER = "$(TEST_HOST)";
				CODE_SIGN_STYLE = Automatic;
				DEVELOPMENT_TEAM = 73YYV5Y2WD;
				INFOPLIST_FILE = PickFoodDeliveryTests/Info.plist;
				IPHONEOS_DEPLOYMENT_TARGET = 14.2;
				LD_RUNPATH_SEARCH_PATHS = (
					"$(inherited)",
					"@executable_path/Frameworks",
					"@loader_path/Frameworks",
				);
				PRODUCT_BUNDLE_IDENTIFIER = AnhDucCo.op.PickFoodDeliveryTests;
				PRODUCT_NAME = "$(TARGET_NAME)";
				SWIFT_VERSION = 5.0;
				TARGETED_DEVICE_FAMILY = "1,2";
				TEST_HOST = "$(BUILT_PRODUCTS_DIR)/PickFoodDelivery.app/PickFoodDelivery";
			};
			name = Debug;
		};
		2F6E803C25864CEF00942273 /* Release */ = {
			isa = XCBuildConfiguration;
			buildSettings = {
				ALWAYS_EMBED_SWIFT_STANDARD_LIBRARIES = YES;
				BUNDLE_LOADER = "$(TEST_HOST)";
				CODE_SIGN_STYLE = Automatic;
				DEVELOPMENT_TEAM = 73YYV5Y2WD;
				INFOPLIST_FILE = PickFoodDeliveryTests/Info.plist;
				IPHONEOS_DEPLOYMENT_TARGET = 14.2;
				LD_RUNPATH_SEARCH_PATHS = (
					"$(inherited)",
					"@executable_path/Frameworks",
					"@loader_path/Frameworks",
				);
				PRODUCT_BUNDLE_IDENTIFIER = AnhDucCo.op.PickFoodDeliveryTests;
				PRODUCT_NAME = "$(TARGET_NAME)";
				SWIFT_VERSION = 5.0;
				TARGETED_DEVICE_FAMILY = "1,2";
				TEST_HOST = "$(BUILT_PRODUCTS_DIR)/PickFoodDelivery.app/PickFoodDelivery";
			};
			name = Release;
		};
		2F6E803E25864CEF00942273 /* Debug */ = {
			isa = XCBuildConfiguration;
			buildSettings = {
				ALWAYS_EMBED_SWIFT_STANDARD_LIBRARIES = YES;
				CODE_SIGN_STYLE = Automatic;
				DEVELOPMENT_TEAM = 73YYV5Y2WD;
				INFOPLIST_FILE = PickFoodDeliveryUITests/Info.plist;
				LD_RUNPATH_SEARCH_PATHS = (
					"$(inherited)",
					"@executable_path/Frameworks",
					"@loader_path/Frameworks",
				);
				PRODUCT_BUNDLE_IDENTIFIER = AnhDucCo.op.PickFoodDeliveryUITests;
				PRODUCT_NAME = "$(TARGET_NAME)";
				SWIFT_VERSION = 5.0;
				TARGETED_DEVICE_FAMILY = "1,2";
				TEST_TARGET_NAME = PickFoodDelivery;
			};
			name = Debug;
		};
		2F6E803F25864CEF00942273 /* Release */ = {
			isa = XCBuildConfiguration;
			buildSettings = {
				ALWAYS_EMBED_SWIFT_STANDARD_LIBRARIES = YES;
				CODE_SIGN_STYLE = Automatic;
				DEVELOPMENT_TEAM = 73YYV5Y2WD;
				INFOPLIST_FILE = PickFoodDeliveryUITests/Info.plist;
				LD_RUNPATH_SEARCH_PATHS = (
					"$(inherited)",
					"@executable_path/Frameworks",
					"@loader_path/Frameworks",
				);
				PRODUCT_BUNDLE_IDENTIFIER = AnhDucCo.op.PickFoodDeliveryUITests;
				PRODUCT_NAME = "$(TARGET_NAME)";
				SWIFT_VERSION = 5.0;
				TARGETED_DEVICE_FAMILY = "1,2";
				TEST_TARGET_NAME = PickFoodDelivery;
			};
			name = Release;
		};
/* End XCBuildConfiguration section */

/* Begin XCConfigurationList section */
		2F6E800825864CEB00942273 /* Build configuration list for PBXProject "PickFoodDelivery" */ = {
			isa = XCConfigurationList;
			buildConfigurations = (
				2F6E803525864CEF00942273 /* Debug */,
				2F6E803625864CEF00942273 /* Release */,
			);
			defaultConfigurationIsVisible = 0;
			defaultConfigurationName = Release;
		};
		2F6E803725864CEF00942273 /* Build configuration list for PBXNativeTarget "PickFoodDelivery" */ = {
			isa = XCConfigurationList;
			buildConfigurations = (
				2F6E803825864CEF00942273 /* Debug */,
				2F6E803925864CEF00942273 /* Release */,
			);
			defaultConfigurationIsVisible = 0;
			defaultConfigurationName = Release;
		};
		2F6E803A25864CEF00942273 /* Build configuration list for PBXNativeTarget "PickFoodDeliveryTests" */ = {
			isa = XCConfigurationList;
			buildConfigurations = (
				2F6E803B25864CEF00942273 /* Debug */,
				2F6E803C25864CEF00942273 /* Release */,
			);
			defaultConfigurationIsVisible = 0;
			defaultConfigurationName = Release;
		};
		2F6E803D25864CEF00942273 /* Build configuration list for PBXNativeTarget "PickFoodDeliveryUITests" */ = {
			isa = XCConfigurationList;
			buildConfigurations = (
				2F6E803E25864CEF00942273 /* Debug */,
				2F6E803F25864CEF00942273 /* Release */,
			);
			defaultConfigurationIsVisible = 0;
			defaultConfigurationName = Release;
		};
/* End XCConfigurationList section */
	};
	rootObject = 2F6E800525864CEB00942273 /* Project object */;
}
